
Microsoft Visual Studio Solution File, Format Version 12.00
# Visual Studio Version 17
VisualStudioVersion = 17.13.35825.156 d17.13
MinimumVisualStudioVersion = 10.0.40219.1
Project("{FAE04EC0-301F-11D3-BF4B-00C04F79EFBC}") = "FovUpdate", "FovUpdate.csproj", "{53DD86B5-FFAC-4533-BB65-C2B949ED6A2D}"
EndProject
Global
	GlobalSection(SolutionConfigurationPlatforms) = preSolution
		Debug|Any CPU = Debug|Any CPU
		Release|Any CPU = Release|Any CPU
	EndGlobalSection
	GlobalSection(ProjectConfigurationPlatforms) = postSolution
		{53DD86B5-FFAC-4533-BB65-C2B949ED6A2D}.Debug|Any CPU.ActiveCfg = Debug|Any CPU
		{53DD86B5-FFAC-4533-BB65-C2B949ED6A2D}.Debug|Any CPU.Build.0 = Debug|Any CPU
		{53DD86B5-FFAC-4533-BB65-C2B949ED6A2D}.Release|Any CPU.ActiveCfg = Release|Any CPU
		{53DD86B5-FFAC-4533-BB65-C2B949ED6A2D}.Release|Any CPU.Build.0 = Release|Any CPU
	EndGlobalSection
	GlobalSection(SolutionProperties) = preSolution
		HideSolutionNode = FALSE
	EndGlobalSection
	GlobalSection(ExtensibilityGlobals) = postSolution
		SolutionGuid = {4E4B582B-65AF-42AA-87A6-D18899E5BA10}
	EndGlobalSection
EndGlobal
